
Microsoft Visual Studio Solution File, Format Version 12.00
# Visual Studio Version 17
VisualStudioVersion = 17.9.34511.98
MinimumVisualStudioVersion = 10.0.40219.1
Project("{2150E333-8FDC-42A3-9474-1A3956D46DE8}") = "Core", "Core", "{E4C098C2-8217-458D-9F31-48BD0F88ABD2}"
EndProject
Project("{2150E333-8FDC-42A3-9474-1A3956D46DE8}") = "Persistence", "Persistence", "{3E73814C-E747-47E3-9010-D0444C36A670}"
EndProject
Project("{2150E333-8FDC-42A3-9474-1A3956D46DE8}") = "Presentation", "Presentation", "{C7D7D824-D52A-415A-89E5-F98B28B2752E}"
EndProject
Project("{9A19103F-16F7-4668-BE54-9A1E7A4F7556}") = "WebCV.Application", "WebCV.Application\WebCV.Application.csproj", "{1BBE18E7-B79D-49AE-97D7-1ADD36E537FE}"
	ProjectSection(ProjectDependencies) = postProject
		{E5DAFF42-1CE6-4872-B5A2-7085BD9C3692} = {E5DAFF42-1CE6-4872-B5A2-7085BD9C3692}
		{F104A08F-B293-453A-BA14-F39FFACA0BE1} = {F104A08F-B293-453A-BA14-F39FFACA0BE1}
	EndProjectSection
EndProject
Project("{9A19103F-16F7-4668-BE54-9A1E7A4F7556}") = "WebCV.Domain", "WebCV.Domain\WebCV.Domain.csproj", "{F104A08F-B293-453A-BA14-F39FFACA0BE1}"
	ProjectSection(ProjectDependencies) = postProject
		{E5DAFF42-1CE6-4872-B5A2-7085BD9C3692} = {E5DAFF42-1CE6-4872-B5A2-7085BD9C3692}
	EndProjectSection
EndProject
Project("{9A19103F-16F7-4668-BE54-9A1E7A4F7556}") = "WebCV.Presentation", "WebCV.Presentation\WebCV.Presentation.csproj", "{9810E24A-5485-41B1-AAA6-790A97E5186C}"
	ProjectSection(ProjectDependencies) = postProject
		{1BBE18E7-B79D-49AE-97D7-1ADD36E537FE} = {1BBE18E7-B79D-49AE-97D7-1ADD36E537FE}
		{429B4157-26AF-459B-A4A3-43BB99596195} = {429B4157-26AF-459B-A4A3-43BB99596195}
		{C80574A5-FD9E-45C1-A967-3E03BE57761E} = {C80574A5-FD9E-45C1-A967-3E03BE57761E}
	EndProjectSection
EndProject
Project("{9A19103F-16F7-4668-BE54-9A1E7A4F7556}") = "WebCV.DataAccessLayer", "WebCV.DataAccessLayer\WebCV.DataAccessLayer.csproj", "{429B4157-26AF-459B-A4A3-43BB99596195}"
	ProjectSection(ProjectDependencies) = postProject
		{E5DAFF42-1CE6-4872-B5A2-7085BD9C3692} = {E5DAFF42-1CE6-4872-B5A2-7085BD9C3692}
		{F104A08F-B293-453A-BA14-F39FFACA0BE1} = {F104A08F-B293-453A-BA14-F39FFACA0BE1}
	EndProjectSection
EndProject
Project("{9A19103F-16F7-4668-BE54-9A1E7A4F7556}") = "WebCV.Infrastructure", "WebCV.Infrastructure\WebCV.Infrastructure.csproj", "{E5DAFF42-1CE6-4872-B5A2-7085BD9C3692}"
EndProject
Project("{9A19103F-16F7-4668-BE54-9A1E7A4F7556}") = "WebCV.Repository", "WebCV.Repository\WebCV.Repository.csproj", "{C80574A5-FD9E-45C1-A967-3E03BE57761E}"
	ProjectSection(ProjectDependencies) = postProject
		{1BBE18E7-B79D-49AE-97D7-1ADD36E537FE} = {1BBE18E7-B79D-49AE-97D7-1ADD36E537FE}
		{F104A08F-B293-453A-BA14-F39FFACA0BE1} = {F104A08F-B293-453A-BA14-F39FFACA0BE1}
	EndProjectSection
EndProject
Global
	GlobalSection(SolutionConfigurationPlatforms) = preSolution
		Debug|Any CPU = Debug|Any CPU
		Release|Any CPU = Release|Any CPU
	EndGlobalSection
	GlobalSection(ProjectConfigurationPlatforms) = postSolution
		{1BBE18E7-B79D-49AE-97D7-1ADD36E537FE}.Debug|Any CPU.ActiveCfg = Debug|Any CPU
		{1BBE18E7-B79D-49AE-97D7-1ADD36E537FE}.Debug|Any CPU.Build.0 = Debug|Any CPU
		{1BBE18E7-B79D-49AE-97D7-1ADD36E537FE}.Release|Any CPU.ActiveCfg = Release|Any CPU
		{1BBE18E7-B79D-49AE-97D7-1ADD36E537FE}.Release|Any CPU.Build.0 = Release|Any CPU
		{F104A08F-B293-453A-BA14-F39FFACA0BE1}.Debug|Any CPU.ActiveCfg = Debug|Any CPU
		{F104A08F-B293-453A-BA14-F39FFACA0BE1}.Debug|Any CPU.Build.0 = Debug|Any CPU
		{F104A08F-B293-453A-BA14-F39FFACA0BE1}.Release|Any CPU.ActiveCfg = Release|Any CPU
		{F104A08F-B293-453A-BA14-F39FFACA0BE1}.Release|Any CPU.Build.0 = Release|Any CPU
		{9810E24A-5485-41B1-AAA6-790A97E5186C}.Debug|Any CPU.ActiveCfg = Debug|Any CPU
		{9810E24A-5485-41B1-AAA6-790A97E5186C}.Debug|Any CPU.Build.0 = Debug|Any CPU
		{9810E24A-5485-41B1-AAA6-790A97E5186C}.Release|Any CPU.ActiveCfg = Release|Any CPU
		{9810E24A-5485-41B1-AAA6-790A97E5186C}.Release|Any CPU.Build.0 = Release|Any CPU
		{429B4157-26AF-459B-A4A3-43BB99596195}.Debug|Any CPU.ActiveCfg = Debug|Any CPU
		{429B4157-26AF-459B-A4A3-43BB99596195}.Debug|Any CPU.Build.0 = Debug|Any CPU
		{429B4157-26AF-459B-A4A3-43BB99596195}.Release|Any CPU.ActiveCfg = Release|Any CPU
		{429B4157-26AF-459B-A4A3-43BB99596195}.Release|Any CPU.Build.0 = Release|Any CPU
		{E5DAFF42-1CE6-4872-B5A2-7085BD9C3692}.Debug|Any CPU.ActiveCfg = Debug|Any CPU
		{E5DAFF42-1CE6-4872-B5A2-7085BD9C3692}.Debug|Any CPU.Build.0 = Debug|Any CPU
		{E5DAFF42-1CE6-4872-B5A2-7085BD9C3692}.Release|Any CPU.ActiveCfg = Release|Any CPU
		{E5DAFF42-1CE6-4872-B5A2-7085BD9C3692}.Release|Any CPU.Build.0 = Release|Any CPU
		{C80574A5-FD9E-45C1-A967-3E03BE57761E}.Debug|Any CPU.ActiveCfg = Debug|Any CPU
		{C80574A5-FD9E-45C1-A967-3E03BE57761E}.Debug|Any CPU.Build.0 = Debug|Any CPU
		{C80574A5-FD9E-45C1-A967-3E03BE57761E}.Release|Any CPU.ActiveCfg = Release|Any CPU
		{C80574A5-FD9E-45C1-A967-3E03BE57761E}.Release|Any CPU.Build.0 = Release|Any CPU
	EndGlobalSection
	GlobalSection(SolutionProperties) = preSolution
		HideSolutionNode = FALSE
	EndGlobalSection
	GlobalSection(NestedProjects) = preSolution
		{1BBE18E7-B79D-49AE-97D7-1ADD36E537FE} = {E4C098C2-8217-458D-9F31-48BD0F88ABD2}
		{F104A08F-B293-453A-BA14-F39FFACA0BE1} = {E4C098C2-8217-458D-9F31-48BD0F88ABD2}
		{9810E24A-5485-41B1-AAA6-790A97E5186C} = {C7D7D824-D52A-415A-89E5-F98B28B2752E}
		{429B4157-26AF-459B-A4A3-43BB99596195} = {3E73814C-E747-47E3-9010-D0444C36A670}
		{E5DAFF42-1CE6-4872-B5A2-7085BD9C3692} = {3E73814C-E747-47E3-9010-D0444C36A670}
		{C80574A5-FD9E-45C1-A967-3E03BE57761E} = {3E73814C-E747-47E3-9010-D0444C36A670}
	EndGlobalSection
	GlobalSection(ExtensibilityGlobals) = postSolution
		SolutionGuid = {E6B40B78-04EB-4C17-ADD3-27347A1DE944}
	EndGlobalSection
EndGlobal
